
Microsoft Visual Studio Solution File, Format Version 12.00
# Visual Studio Version 16
VisualStudioVersion = 16.0.29403.142
MinimumVisualStudioVersion = 10.0.40219.1
Project("{FAE04EC0-301F-11D3-BF4B-00C04F79EFBC}") = "Trafo.Web", "Trafo.Web\Trafo.Web.csproj", "{BEEF0E52-C52C-4423-B3E9-56ECB5CE9632}"
EndProject
Global
	GlobalSection(SolutionConfigurationPlatforms) = preSolution
		Debug|Any CPU = Debug|Any CPU
		Release|Any CPU = Release|Any CPU
	EndGlobalSection
	GlobalSection(ProjectConfigurationPlatforms) = postSolution
		{BEEF0E52-C52C-4423-B3E9-56ECB5CE9632}.Debug|Any CPU.ActiveCfg = Debug|Any CPU
		{BEEF0E52-C52C-4423-B3E9-56ECB5CE9632}.Debug|Any CPU.Build.0 = Debug|Any CPU
		{BEEF0E52-C52C-4423-B3E9-56ECB5CE9632}.Release|Any CPU.ActiveCfg = Release|Any CPU
		{BEEF0E52-C52C-4423-B3E9-56ECB5CE9632}.Release|Any CPU.Build.0 = Release|Any CPU
	EndGlobalSection
	GlobalSection(SolutionProperties) = preSolution
		HideSolutionNode = FALSE
	EndGlobalSection
	GlobalSection(ExtensibilityGlobals) = postSolution
		SolutionGuid = {757DBF23-FEF6-40BF-92D3-C603B3D40442}
	EndGlobalSection
EndGlobal
